
Microsoft Visual Studio Solution File, Format Version 12.00
# Visual Studio Version 17
VisualStudioVersion = 17.13.35931.197
MinimumVisualStudioVersion = 10.0.40219.1
Project("{2150E333-8FDC-42A3-9474-1A3956D46DE8}") = "Services", "Services", "{02EA681E-C7D8-13C7-8484-4AC65E1B71E8}"
EndProject
Project("{2150E333-8FDC-42A3-9474-1A3956D46DE8}") = "ProductService", "ProductService", "{BA0A2CAD-B151-486B-9893-A278CE0174E6}"
EndProject
Project("{FAE04EC0-301F-11D3-BF4B-00C04F79EFBC}") = "ProductService.API", "ProductService.API\ProductService.API.csproj", "{04F10399-E3FC-499A-8FFE-F537308D98E9}"
EndProject
Project("{FAE04EC0-301F-11D3-BF4B-00C04F79EFBC}") = "ProductService.Domain", "ProductService.Domain\ProductService.Domain.csproj", "{EFA3B924-2C2D-4C2C-88D2-A3DE602826A2}"
EndProject
Project("{FAE04EC0-301F-11D3-BF4B-00C04F79EFBC}") = "ProductService.Application", "ProductService.Application\ProductService.Application.csproj", "{43EC3CF8-EC8D-4B1F-AB86-30131492EBFB}"
EndProject
Project("{FAE04EC0-301F-11D3-BF4B-00C04F79EFBC}") = "ProductService.Infrastructure", "ProductService.Infrastructure\ProductService.Infrastructure.csproj", "{EE19A5A5-9C00-47BD-9B88-536368D469A4}"
EndProject
Project("{2150E333-8FDC-42A3-9474-1A3956D46DE8}") = "InventoryService", "InventoryService", "{A22519F0-5D5E-4966-89D5-E30D08C552A6}"
EndProject
Project("{FAE04EC0-301F-11D3-BF4B-00C04F79EFBC}") = "InventoryService.API", "InventoryService.API\InventoryService.API.csproj", "{7C89C036-24F0-4293-93DA-9DB17F45704C}"
EndProject
Project("{FAE04EC0-301F-11D3-BF4B-00C04F79EFBC}") = "InventoryService.Domain", "InventoryService.Domain\InventoryService.Domain.csproj", "{EF28772D-9AF0-4E6C-99F2-5EEC5D525E08}"
EndProject
Project("{FAE04EC0-301F-11D3-BF4B-00C04F79EFBC}") = "InventoryService.Application", "InventoryService.Application\InventoryService.Application.csproj", "{BEC1D904-CED6-45EC-839D-24882D111DA7}"
EndProject
Project("{FAE04EC0-301F-11D3-BF4B-00C04F79EFBC}") = "InventoryService.Infrastructure", "InventoryService.Infrastructure\InventoryService.Infrastructure.csproj", "{C7DCF54C-4EA8-4F1D-B2D2-64ACAEF596CF}"
EndProject
Project("{2150E333-8FDC-42A3-9474-1A3956D46DE8}") = "OrderService", "OrderService", "{C893B876-C376-4D16-8566-7B564DE08A34}"
EndProject
Project("{FAE04EC0-301F-11D3-BF4B-00C04F79EFBC}") = "OrderService.API", "OrderService.API\OrderService.API.csproj", "{2CB97C35-2872-46E7-B0B0-37F2FFD802DB}"
EndProject
Project("{FAE04EC0-301F-11D3-BF4B-00C04F79EFBC}") = "OrderService.Application", "OrderService.Application\OrderService.Application.csproj", "{C52269C0-5FA5-46CA-8B3A-F965D35598A3}"
EndProject
Project("{FAE04EC0-301F-11D3-BF4B-00C04F79EFBC}") = "OrderService.Domain", "OrderService.Domain\OrderService.Domain.csproj", "{BF36D6F4-B350-47DB-AF35-7B4A654190D5}"
EndProject
Project("{FAE04EC0-301F-11D3-BF4B-00C04F79EFBC}") = "OrderService.Infrastructure", "OrderService.Infrastructure\OrderService.Infrastructure.csproj", "{3472B0A9-89C0-46FC-9627-6FED16F56E13}"
EndProject
Project("{2150E333-8FDC-42A3-9474-1A3956D46DE8}") = "SupplierService", "SupplierService", "{17617903-096E-440C-9B8F-ADF80DE3FD1F}"
EndProject
Project("{FAE04EC0-301F-11D3-BF4B-00C04F79EFBC}") = "SupplierService.API", "SupplierService.API\SupplierService.API.csproj", "{095CBE8C-8315-4C94-9C6C-6073DDD66176}"
EndProject
Project("{FAE04EC0-301F-11D3-BF4B-00C04F79EFBC}") = "SupplierService.Domain", "SupplierService.Domain\SupplierService.Domain.csproj", "{F7F956D6-3BBC-4621-B8C0-60324699627A}"
EndProject
Project("{FAE04EC0-301F-11D3-BF4B-00C04F79EFBC}") = "SupplierService.Application", "SupplierService.Application\SupplierService.Application.csproj", "{C804762D-079B-401C-A6DA-A837C3920CBF}"
EndProject
Project("{FAE04EC0-301F-11D3-BF4B-00C04F79EFBC}") = "SupplierService.Infrastructure", "SupplierService.Infrastructure\SupplierService.Infrastructure.csproj", "{30ED6064-C45B-4377-80EA-5C3AD1AE5A0B}"
EndProject
Global
	GlobalSection(SolutionConfigurationPlatforms) = preSolution
		Debug|Any CPU = Debug|Any CPU
		Release|Any CPU = Release|Any CPU
	EndGlobalSection
	GlobalSection(ProjectConfigurationPlatforms) = postSolution
		{04F10399-E3FC-499A-8FFE-F537308D98E9}.Debug|Any CPU.ActiveCfg = Debug|Any CPU
		{04F10399-E3FC-499A-8FFE-F537308D98E9}.Debug|Any CPU.Build.0 = Debug|Any CPU
		{04F10399-E3FC-499A-8FFE-F537308D98E9}.Release|Any CPU.ActiveCfg = Release|Any CPU
		{04F10399-E3FC-499A-8FFE-F537308D98E9}.Release|Any CPU.Build.0 = Release|Any CPU
		{EFA3B924-2C2D-4C2C-88D2-A3DE602826A2}.Debug|Any CPU.ActiveCfg = Debug|Any CPU
		{EFA3B924-2C2D-4C2C-88D2-A3DE602826A2}.Debug|Any CPU.Build.0 = Debug|Any CPU
		{EFA3B924-2C2D-4C2C-88D2-A3DE602826A2}.Release|Any CPU.ActiveCfg = Release|Any CPU
		{EFA3B924-2C2D-4C2C-88D2-A3DE602826A2}.Release|Any CPU.Build.0 = Release|Any CPU
		{43EC3CF8-EC8D-4B1F-AB86-30131492EBFB}.Debug|Any CPU.ActiveCfg = Debug|Any CPU
		{43EC3CF8-EC8D-4B1F-AB86-30131492EBFB}.Debug|Any CPU.Build.0 = Debug|Any CPU
		{43EC3CF8-EC8D-4B1F-AB86-30131492EBFB}.Release|Any CPU.ActiveCfg = Release|Any CPU
		{43EC3CF8-EC8D-4B1F-AB86-30131492EBFB}.Release|Any CPU.Build.0 = Release|Any CPU
		{EE19A5A5-9C00-47BD-9B88-536368D469A4}.Debug|Any CPU.ActiveCfg = Debug|Any CPU
		{EE19A5A5-9C00-47BD-9B88-536368D469A4}.Debug|Any CPU.Build.0 = Debug|Any CPU
		{EE19A5A5-9C00-47BD-9B88-536368D469A4}.Release|Any CPU.ActiveCfg = Release|Any CPU
		{EE19A5A5-9C00-47BD-9B88-536368D469A4}.Release|Any CPU.Build.0 = Release|Any CPU
		{7C89C036-24F0-4293-93DA-9DB17F45704C}.Debug|Any CPU.ActiveCfg = Debug|Any CPU
		{7C89C036-24F0-4293-93DA-9DB17F45704C}.Debug|Any CPU.Build.0 = Debug|Any CPU
		{7C89C036-24F0-4293-93DA-9DB17F45704C}.Release|Any CPU.ActiveCfg = Release|Any CPU
		{7C89C036-24F0-4293-93DA-9DB17F45704C}.Release|Any CPU.Build.0 = Release|Any CPU
		{EF28772D-9AF0-4E6C-99F2-5EEC5D525E08}.Debug|Any CPU.ActiveCfg = Debug|Any CPU
		{EF28772D-9AF0-4E6C-99F2-5EEC5D525E08}.Debug|Any CPU.Build.0 = Debug|Any CPU
		{EF28772D-9AF0-4E6C-99F2-5EEC5D525E08}.Release|Any CPU.ActiveCfg = Release|Any CPU
		{EF28772D-9AF0-4E6C-99F2-5EEC5D525E08}.Release|Any CPU.Build.0 = Release|Any CPU
		{BEC1D904-CED6-45EC-839D-24882D111DA7}.Debug|Any CPU.ActiveCfg = Debug|Any CPU
		{BEC1D904-CED6-45EC-839D-24882D111DA7}.Debug|Any CPU.Build.0 = Debug|Any CPU
		{BEC1D904-CED6-45EC-839D-24882D111DA7}.Release|Any CPU.ActiveCfg = Release|Any CPU
		{BEC1D904-CED6-45EC-839D-24882D111DA7}.Release|Any CPU.Build.0 = Release|Any CPU
		{C7DCF54C-4EA8-4F1D-B2D2-64ACAEF596CF}.Debug|Any CPU.ActiveCfg = Debug|Any CPU
		{C7DCF54C-4EA8-4F1D-B2D2-64ACAEF596CF}.Debug|Any CPU.Build.0 = Debug|Any CPU
		{C7DCF54C-4EA8-4F1D-B2D2-64ACAEF596CF}.Release|Any CPU.ActiveCfg = Release|Any CPU
		{C7DCF54C-4EA8-4F1D-B2D2-64ACAEF596CF}.Release|Any CPU.Build.0 = Release|Any CPU
		{2CB97C35-2872-46E7-B0B0-37F2FFD802DB}.Debug|Any CPU.ActiveCfg = Debug|Any CPU
		{2CB97C35-2872-46E7-B0B0-37F2FFD802DB}.Debug|Any CPU.Build.0 = Debug|Any CPU
		{2CB97C35-2872-46E7-B0B0-37F2FFD802DB}.Release|Any CPU.ActiveCfg = Release|Any CPU
		{2CB97C35-2872-46E7-B0B0-37F2FFD802DB}.Release|Any CPU.Build.0 = Release|Any CPU
		{C52269C0-5FA5-46CA-8B3A-F965D35598A3}.Debug|Any CPU.ActiveCfg = Debug|Any CPU
		{C52269C0-5FA5-46CA-8B3A-F965D35598A3}.Debug|Any CPU.Build.0 = Debug|Any CPU
		{C52269C0-5FA5-46CA-8B3A-F965D35598A3}.Release|Any CPU.ActiveCfg = Release|Any CPU
		{C52269C0-5FA5-46CA-8B3A-F965D35598A3}.Release|Any CPU.Build.0 = Release|Any CPU
		{BF36D6F4-B350-47DB-AF35-7B4A654190D5}.Debug|Any CPU.ActiveCfg = Debug|Any CPU
		{BF36D6F4-B350-47DB-AF35-7B4A654190D5}.Debug|Any CPU.Build.0 = Debug|Any CPU
		{BF36D6F4-B350-47DB-AF35-7B4A654190D5}.Release|Any CPU.ActiveCfg = Release|Any CPU
		{BF36D6F4-B350-47DB-AF35-7B4A654190D5}.Release|Any CPU.Build.0 = Release|Any CPU
		{3472B0A9-89C0-46FC-9627-6FED16F56E13}.Debug|Any CPU.ActiveCfg = Debug|Any CPU
		{3472B0A9-89C0-46FC-9627-6FED16F56E13}.Debug|Any CPU.Build.0 = Debug|Any CPU
		{3472B0A9-89C0-46FC-9627-6FED16F56E13}.Release|Any CPU.ActiveCfg = Release|Any CPU
		{3472B0A9-89C0-46FC-9627-6FED16F56E13}.Release|Any CPU.Build.0 = Release|Any CPU
		{095CBE8C-8315-4C94-9C6C-6073DDD66176}.Debug|Any CPU.ActiveCfg = Debug|Any CPU
		{095CBE8C-8315-4C94-9C6C-6073DDD66176}.Debug|Any CPU.Build.0 = Debug|Any CPU
		{095CBE8C-8315-4C94-9C6C-6073DDD66176}.Release|Any CPU.ActiveCfg = Release|Any CPU
		{095CBE8C-8315-4C94-9C6C-6073DDD66176}.Release|Any CPU.Build.0 = Release|Any CPU
		{F7F956D6-3BBC-4621-B8C0-60324699627A}.Debug|Any CPU.ActiveCfg = Debug|Any CPU
		{F7F956D6-3BBC-4621-B8C0-60324699627A}.Debug|Any CPU.Build.0 = Debug|Any CPU
		{F7F956D6-3BBC-4621-B8C0-60324699627A}.Release|Any CPU.ActiveCfg = Release|Any CPU
		{F7F956D6-3BBC-4621-B8C0-60324699627A}.Release|Any CPU.Build.0 = Release|Any CPU
		{C804762D-079B-401C-A6DA-A837C3920CBF}.Debug|Any CPU.ActiveCfg = Debug|Any CPU
		{C804762D-079B-401C-A6DA-A837C3920CBF}.Debug|Any CPU.Build.0 = Debug|Any CPU
		{C804762D-079B-401C-A6DA-A837C3920CBF}.Release|Any CPU.ActiveCfg = Release|Any CPU
		{C804762D-079B-401C-A6DA-A837C3920CBF}.Release|Any CPU.Build.0 = Release|Any CPU
		{30ED6064-C45B-4377-80EA-5C3AD1AE5A0B}.Debug|Any CPU.ActiveCfg = Debug|Any CPU
		{30ED6064-C45B-4377-80EA-5C3AD1AE5A0B}.Debug|Any CPU.Build.0 = Debug|Any CPU
		{30ED6064-C45B-4377-80EA-5C3AD1AE5A0B}.Release|Any CPU.ActiveCfg = Release|Any CPU
		{30ED6064-C45B-4377-80EA-5C3AD1AE5A0B}.Release|Any CPU.Build.0 = Release|Any CPU
	EndGlobalSection
	GlobalSection(SolutionProperties) = preSolution
		HideSolutionNode = FALSE
	EndGlobalSection
	GlobalSection(NestedProjects) = preSolution
		{BA0A2CAD-B151-486B-9893-A278CE0174E6} = {02EA681E-C7D8-13C7-8484-4AC65E1B71E8}
		{04F10399-E3FC-499A-8FFE-F537308D98E9} = {BA0A2CAD-B151-486B-9893-A278CE0174E6}
		{EFA3B924-2C2D-4C2C-88D2-A3DE602826A2} = {BA0A2CAD-B151-486B-9893-A278CE0174E6}
		{43EC3CF8-EC8D-4B1F-AB86-30131492EBFB} = {BA0A2CAD-B151-486B-9893-A278CE0174E6}
		{EE19A5A5-9C00-47BD-9B88-536368D469A4} = {BA0A2CAD-B151-486B-9893-A278CE0174E6}
		{A22519F0-5D5E-4966-89D5-E30D08C552A6} = {02EA681E-C7D8-13C7-8484-4AC65E1B71E8}
		{7C89C036-24F0-4293-93DA-9DB17F45704C} = {A22519F0-5D5E-4966-89D5-E30D08C552A6}
		{EF28772D-9AF0-4E6C-99F2-5EEC5D525E08} = {A22519F0-5D5E-4966-89D5-E30D08C552A6}
		{BEC1D904-CED6-45EC-839D-24882D111DA7} = {A22519F0-5D5E-4966-89D5-E30D08C552A6}
		{C7DCF54C-4EA8-4F1D-B2D2-64ACAEF596CF} = {A22519F0-5D5E-4966-89D5-E30D08C552A6}
		{C893B876-C376-4D16-8566-7B564DE08A34} = {02EA681E-C7D8-13C7-8484-4AC65E1B71E8}
		{2CB97C35-2872-46E7-B0B0-37F2FFD802DB} = {C893B876-C376-4D16-8566-7B564DE08A34}
		{C52269C0-5FA5-46CA-8B3A-F965D35598A3} = {C893B876-C376-4D16-8566-7B564DE08A34}
		{BF36D6F4-B350-47DB-AF35-7B4A654190D5} = {C893B876-C376-4D16-8566-7B564DE08A34}
		{3472B0A9-89C0-46FC-9627-6FED16F56E13} = {C893B876-C376-4D16-8566-7B564DE08A34}
		{17617903-096E-440C-9B8F-ADF80DE3FD1F} = {02EA681E-C7D8-13C7-8484-4AC65E1B71E8}
		{095CBE8C-8315-4C94-9C6C-6073DDD66176} = {17617903-096E-440C-9B8F-ADF80DE3FD1F}
		{F7F956D6-3BBC-4621-B8C0-60324699627A} = {17617903-096E-440C-9B8F-ADF80DE3FD1F}
		{C804762D-079B-401C-A6DA-A837C3920CBF} = {17617903-096E-440C-9B8F-ADF80DE3FD1F}
		{30ED6064-C45B-4377-80EA-5C3AD1AE5A0B} = {17617903-096E-440C-9B8F-ADF80DE3FD1F}
	EndGlobalSection
	GlobalSection(ExtensibilityGlobals) = postSolution
		SolutionGuid = {C01CCD1E-2C41-4CCC-B957-DD7DB39F99D4}
	EndGlobalSection
EndGlobal
